
Microsoft Visual Studio Solution File, Format Version 12.00
# Visual Studio Version 16
VisualStudioVersion = 16.0.33214.272
MinimumVisualStudioVersion = 10.0.40219.1
Project("{8BC9CEB8-8B4A-11D0-8D11-00A0C91BC942}") = "MyLanguage", "MyLanguage\MyLanguage.vcxproj", "{ACC88274-5CC7-49D0-962E-02D63C409176}"
EndProject
Global
	GlobalSection(SolutionConfigurationPlatforms) = preSolution
		Debug|x64 = Debug|x64
		Debug|x86 = Debug|x86
		Release|x64 = Release|x64
		Release|x86 = Release|x86
	EndGlobalSection
	GlobalSection(ProjectConfigurationPlatforms) = postSolution
		{ACC88274-5CC7-49D0-962E-02D63C409176}.Debug|x64.ActiveCfg = Debug|x64
		{ACC88274-5CC7-49D0-962E-02D63C409176}.Debug|x64.Build.0 = Debug|x64
		{ACC88274-5CC7-49D0-962E-02D63C409176}.Debug|x86.ActiveCfg = Debug|Win32
		{ACC88274-5CC7-49D0-962E-02D63C409176}.Debug|x86.Build.0 = Debug|Win32
		{ACC88274-5CC7-49D0-962E-02D63C409176}.Release|x64.ActiveCfg = Release|x64
		{ACC88274-5CC7-49D0-962E-02D63C409176}.Release|x64.Build.0 = Release|x64
		{ACC88274-5CC7-49D0-962E-02D63C409176}.Release|x86.ActiveCfg = Release|Win32
		{ACC88274-5CC7-49D0-962E-02D63C409176}.Release|x86.Build.0 = Release|Win32
	EndGlobalSection
	GlobalSection(SolutionProperties) = preSolution
		HideSolutionNode = FALSE
	EndGlobalSection
	GlobalSection(ExtensibilityGlobals) = postSolution
		SolutionGuid = {9EC3C4E4-A86D-493A-88A4-9C8D8ECF050D}
	EndGlobalSection
EndGlobal
